PODS:
  - Charts (3.4.0):
    - Charts/Core (= 3.4.0)
  - Charts/Core (3.4.0)
  - SnapKit (5.6.0)

DEPENDENCIES:
  - Charts
  - SnapKit

SPEC REPOS:
  trunk:
    - Charts
    - SnapKit

SPEC CHECKSUMS:
  Charts: 74c9f256eaf0460c0c416522d1cf8c634ea6b286
  SnapKit: e01d52ebb8ddbc333eefe2132acf85c8227d9c25

PODFILE CHECKSUM: 1c7f206c62fbb396986ab1d1d7e64aa9b8877fbc

COCOAPODS: 1.11.3
